
Microsoft Visual Studio Solution File, Format Version 12.00
# Visual Studio Version 16
VisualStudioVersion = 16.0.31112.23
MinimumVisualStudioVersion = 10.0.40219.1
Project("{FAE04EC0-301F-11D3-BF4B-00C04F79EFBC}") = "CalculatorApp", "CalculatorApp\CalculatorApp.csproj", "{69970C6C-232A-4EDB-98C4-16A575A28760}"
EndProject
Global
	GlobalSection(SolutionConfigurationPlatforms) = preSolution
		Debug|Any CPU = Debug|Any CPU
		Release|Any CPU = Release|Any CPU
	EndGlobalSection
	GlobalSection(ProjectConfigurationPlatforms) = postSolution
		{69970C6C-232A-4EDB-98C4-16A575A28760}.Debug|Any CPU.ActiveCfg = Debug|Any CPU
		{69970C6C-232A-4EDB-98C4-16A575A28760}.Debug|Any CPU.Build.0 = Debug|Any CPU
		{69970C6C-232A-4EDB-98C4-16A575A28760}.Release|Any CPU.ActiveCfg = Release|Any CPU
		{69970C6C-232A-4EDB-98C4-16A575A28760}.Release|Any CPU.Build.0 = Release|Any CPU
	EndGlobalSection
	GlobalSection(SolutionProperties) = preSolution
		HideSolutionNode = FALSE
	EndGlobalSection
	GlobalSection(ExtensibilityGlobals) = postSolution
		SolutionGuid = {4749CEE4-82FC-4867-98E0-902E4CB073A5}
	EndGlobalSection
EndGlobal
